<?xml version="1.0" encoding="UTF-8" standalone="yes" ?>
<CodeBlocks_project_file>
	<FileVersion major="1" minor="6" />
	<Project>
		<Option title="ed2017-trab2" />
		<Option pch_mode="2" />
		<Option compiler="gcc" />
		<Build>
			<Target title="Debug">
				<Option output="bin/Debug/Compacta" prefix_auto="1" extension_auto="1" />
				<Option object_output="obj/Debug/" />
				<Option type="1" />
				<Option compiler="gcc" />
				<Compiler>
					<Add option="-g" />
				</Compiler>
			</Target>
			<Target title="Release">
				<Option output="bin/Release/ed2017-trab2" prefix_auto="1" extension_auto="1" />
				<Option object_output="obj/Release/" />
				<Option type="1" />
				<Option compiler="gcc" />
				<Compiler>
					<Add option="-O2" />
				</Compiler>
				<Linker>
					<Add option="-s" />
				</Linker>
			</Target>
		</Build>
		<Compiler>
			<Add option="-Wall" />
		</Compiler>
		<Unit filename="TADarvore.c">
			<Option compilerVar="CC" />
		</Unit>
		<Unit filename="TADcompacta.c">
			<Option compilerVar="CC" />
		</Unit>
		<Unit filename="TADdescompacta.c">
			<Option compilerVar="CC" />
		</Unit>
		<Unit filename="arvore.h" />
		<Unit filename="bitmap/bitmap.c">
			<Option compilerVar="CC" />
		</Unit>
		<Unit filename="bitmap/bitmap.h" />
		<Unit filename="compacta.h" />
		<Unit filename="descompacta.h" />
		<Unit filename="entrada" />
		<Unit filename="main.c">
			<Option compilerVar="CC" />
		</Unit>
		<Extensions>
			<code_completion />
			<envvars />
			<debugger />
			<lib_finder disable_auto="1" />
		</Extensions>
	</Project>
</CodeBlocks_project_file>
